
Microsoft Visual Studio Solution File, Format Version 12.00
# Visual Studio Version 16
VisualStudioVersion = 16.0.30406.217
MinimumVisualStudioVersion = 10.0.40219.1
Project("{FAE04EC0-301F-11D3-BF4B-00C04F79EFBC}") = "App1_Vagas.Android", "App1_Vagas\App1_Vagas.Android\App1_Vagas.Android.csproj", "{1FF4B5BE-77A0-4D4C-9AA6-2FE8DF8B09FF}"
EndProject
Project("{FAE04EC0-301F-11D3-BF4B-00C04F79EFBC}") = "App1_Vagas.iOS", "App1_Vagas\App1_Vagas.iOS\App1_Vagas.iOS.csproj", "{F2A676BC-133D-4729-9C8B-94772A2B9B15}"
EndProject
Project("{9A19103F-16F7-4668-BE54-9A1E7A4F7556}") = "App1_Vagas", "App1_Vagas\App1_Vagas\App1_Vagas.csproj", "{E1726EEE-6D6B-4CB7-A7C6-3484E1D2662A}"
EndProject
Global
	GlobalSection(SolutionConfigurationPlatforms) = preSolution
		Ad-Hoc|Any CPU = Ad-Hoc|Any CPU
		Ad-Hoc|ARM = Ad-Hoc|ARM
		Ad-Hoc|iPhone = Ad-Hoc|iPhone
		Ad-Hoc|iPhoneSimulator = Ad-Hoc|iPhoneSimulator
		Ad-Hoc|x64 = Ad-Hoc|x64
		Ad-Hoc|x86 = Ad-Hoc|x86
		AppStore|Any CPU = AppStore|Any CPU
		AppStore|ARM = AppStore|ARM
		AppStore|iPhone = AppStore|iPhone
		AppStore|iPhoneSimulator = AppStore|iPhoneSimulator
		AppStore|x64 = AppStore|x64
		AppStore|x86 = AppStore|x86
		Debug|Any CPU = Debug|Any CPU
		Debug|ARM = Debug|ARM
		Debug|iPhone = Debug|iPhone
		Debug|iPhoneSimulator = Debug|iPhoneSimulator
		Debug|x64 = Debug|x64
		Debug|x86 = Debug|x86
		Release|Any CPU = Release|Any CPU
		Release|ARM = Release|ARM
		Release|iPhone = Release|iPhone
		Release|iPhoneSimulator = Release|iPhoneSimulator
		Release|x64 = Release|x64
		Release|x86 = Release|x86
	EndGlobalSection
	GlobalSection(ProjectConfigurationPlatforms) = postSolution
		{1FF4B5BE-77A0-4D4C-9AA6-2FE8DF8B09FF}.Ad-Hoc|Any CPU.ActiveCfg = Release|Any CPU
		{1FF4B5BE-77A0-4D4C-9AA6-2FE8DF8B09FF}.Ad-Hoc|Any CPU.Build.0 = Release|Any CPU
		{1FF4B5BE-77A0-4D4C-9AA6-2FE8DF8B09FF}.Ad-Hoc|Any CPU.Deploy.0 = Release|Any CPU
		{1FF4B5BE-77A0-4D4C-9AA6-2FE8DF8B09FF}.Ad-Hoc|ARM.ActiveCfg = Release|Any CPU
		{1FF4B5BE-77A0-4D4C-9AA6-2FE8DF8B09FF}.Ad-Hoc|ARM.Build.0 = Release|Any CPU
		{1FF4B5BE-77A0-4D4C-9AA6-2FE8DF8B09FF}.Ad-Hoc|ARM.Deploy.0 = Release|Any CPU
		{1FF4B5BE-77A0-4D4C-9AA6-2FE8DF8B09FF}.Ad-Hoc|iPhone.ActiveCfg = Release|Any CPU
		{1FF4B5BE-77A0-4D4C-9AA6-2FE8DF8B09FF}.Ad-Hoc|iPhone.Build.0 = Release|Any CPU
		{1FF4B5BE-77A0-4D4C-9AA6-2FE8DF8B09FF}.Ad-Hoc|iPhone.Deploy.0 = Release|Any CPU
		{1FF4B5BE-77A0-4D4C-9AA6-2FE8DF8B09FF}.Ad-Hoc|iPhoneSimulator.ActiveCfg = Release|Any CPU
		{1FF4B5BE-77A0-4D4C-9AA6-2FE8DF8B09FF}.Ad-Hoc|iPhoneSimulator.Build.0 = Release|Any CPU
		{1FF4B5BE-77A0-4D4C-9AA6-2FE8DF8B09FF}.Ad-Hoc|iPhoneSimulator.Deploy.0 = Release|Any CPU
		{1FF4B5BE-77A0-4D4C-9AA6-2FE8DF8B09FF}.Ad-Hoc|x64.ActiveCfg = Release|Any CPU
		{1FF4B5BE-77A0-4D4C-9AA6-2FE8DF8B09FF}.Ad-Hoc|x64.Build.0 = Release|Any CPU
		{1FF4B5BE-77A0-4D4C-9AA6-2FE8DF8B09FF}.Ad-Hoc|x64.Deploy.0 = Release|Any CPU
		{1FF4B5BE-77A0-4D4C-9AA6-2FE8DF8B09FF}.Ad-Hoc|x86.ActiveCfg = Release|Any CPU
		{1FF4B5BE-77A0-4D4C-9AA6-2FE8DF8B09FF}.Ad-Hoc|x86.Build.0 = Release|Any CPU
		{1FF4B5BE-77A0-4D4C-9AA6-2FE8DF8B09FF}.Ad-Hoc|x86.Deploy.0 = Release|Any CPU
		{1FF4B5BE-77A0-4D4C-9AA6-2FE8DF8B09FF}.AppStore|Any CPU.ActiveCfg = Release|Any CPU
		{1FF4B5BE-77A0-4D4C-9AA6-2FE8DF8B09FF}.AppStore|Any CPU.Build.0 = Release|Any CPU
		{1FF4B5BE-77A0-4D4C-9AA6-2FE8DF8B09FF}.AppStore|Any CPU.Deploy.0 = Release|Any CPU
		{1FF4B5BE-77A0-4D4C-9AA6-2FE8DF8B09FF}.AppStore|ARM.ActiveCfg = Release|Any CPU
		{1FF4B5BE-77A0-4D4C-9AA6-2FE8DF8B09FF}.AppStore|ARM.Build.0 = Release|Any CPU
		{1FF4B5BE-77A0-4D4C-9AA6-2FE8DF8B09FF}.AppStore|ARM.Deploy.0 = Release|Any CPU
		{1FF4B5BE-77A0-4D4C-9AA6-2FE8DF8B09FF}.AppStore|iPhone.ActiveCfg = Release|Any CPU
		{1FF4B5BE-77A0-4D4C-9AA6-2FE8DF8B09FF}.AppStore|iPhone.Build.0 = Release|Any CPU
		{1FF4B5BE-77A0-4D4C-9AA6-2FE8DF8B09FF}.AppStore|iPhone.Deploy.0 = Release|Any CPU
		{1FF4B5BE-77A0-4D4C-9AA6-2FE8DF8B09FF}.AppStore|iPhoneSimulator.ActiveCfg = Release|Any CPU
		{1FF4B5BE-77A0-4D4C-9AA6-2FE8DF8B09FF}.AppStore|iPhoneSimulator.Build.0 = Release|Any CPU
		{1FF4B5BE-77A0-4D4C-9AA6-2FE8DF8B09FF}.AppStore|iPhoneSimulator.Deploy.0 = Release|Any CPU
		{1FF4B5BE-77A0-4D4C-9AA6-2FE8DF8B09FF}.AppStore|x64.ActiveCfg = Release|Any CPU
		{1FF4B5BE-77A0-4D4C-9AA6-2FE8DF8B09FF}.AppStore|x64.Build.0 = Release|Any CPU
		{1FF4B5BE-77A0-4D4C-9AA6-2FE8DF8B09FF}.AppStore|x64.Deploy.0 = Release|Any CPU
		{1FF4B5BE-77A0-4D4C-9AA6-2FE8DF8B09FF}.AppStore|x86.ActiveCfg = Release|Any CPU
		{1FF4B5BE-77A0-4D4C-9AA6-2FE8DF8B09FF}.AppStore|x86.Build.0 = Release|Any CPU
		{1FF4B5BE-77A0-4D4C-9AA6-2FE8DF8B09FF}.AppStore|x86.Deploy.0 = Release|Any CPU
		{1FF4B5BE-77A0-4D4C-9AA6-2FE8DF8B09FF}.Debug|Any CPU.ActiveCfg = Debug|Any CPU
		{1FF4B5BE-77A0-4D4C-9AA6-2FE8DF8B09FF}.Debug|Any CPU.Build.0 = Debug|Any CPU
		{1FF4B5BE-77A0-4D4C-9AA6-2FE8DF8B09FF}.Debug|Any CPU.Deploy.0 = Debug|Any CPU
		{1FF4B5BE-77A0-4D4C-9AA6-2FE8DF8B09FF}.Debug|ARM.ActiveCfg = Debug|Any CPU
		{1FF4B5BE-77A0-4D4C-9AA6-2FE8DF8B09FF}.Debug|ARM.Build.0 = Debug|Any CPU
		{1FF4B5BE-77A0-4D4C-9AA6-2FE8DF8B09FF}.Debug|ARM.Deploy.0 = Debug|Any CPU
		{1FF4B5BE-77A0-4D4C-9AA6-2FE8DF8B09FF}.Debug|iPhone.ActiveCfg = Debug|Any CPU
		{1FF4B5BE-77A0-4D4C-9AA6-2FE8DF8B09FF}.Debug|iPhone.Build.0 = Debug|Any CPU
		{1FF4B5BE-77A0-4D4C-9AA6-2FE8DF8B09FF}.Debug|iPhone.Deploy.0 = Debug|Any CPU
		{1FF4B5BE-77A0-4D4C-9AA6-2FE8DF8B09FF}.Debug|iPhoneSimulator.ActiveCfg = Debug|Any CPU
		{1FF4B5BE-77A0-4D4C-9AA6-2FE8DF8B09FF}.Debug|iPhoneSimulator.Build.0 = Debug|Any CPU
		{1FF4B5BE-77A0-4D4C-9AA6-2FE8DF8B09FF}.Debug|iPhoneSimulator.Deploy.0 = Debug|Any CPU
		{1FF4B5BE-77A0-4D4C-9AA6-2FE8DF8B09FF}.Debug|x64.ActiveCfg = Debug|Any CPU
		{1FF4B5BE-77A0-4D4C-9AA6-2FE8DF8B09FF}.Debug|x64.Build.0 = Debug|Any CPU
		{1FF4B5BE-77A0-4D4C-9AA6-2FE8DF8B09FF}.Debug|x64.Deploy.0 = Debug|Any CPU
		{1FF4B5BE-77A0-4D4C-9AA6-2FE8DF8B09FF}.Debug|x86.ActiveCfg = Debug|Any CPU
		{1FF4B5BE-77A0-4D4C-9AA6-2FE8DF8B09FF}.Debug|x86.Build.0 = Debug|Any CPU
		{1FF4B5BE-77A0-4D4C-9AA6-2FE8DF8B09FF}.Debug|x86.Deploy.0 = Debug|Any CPU
		{1FF4B5BE-77A0-4D4C-9AA6-2FE8DF8B09FF}.Release|Any CPU.ActiveCfg = Release|Any CPU
		{1FF4B5BE-77A0-4D4C-9AA6-2FE8DF8B09FF}.Release|Any CPU.Build.0 = Release|Any CPU
		{1FF4B5BE-77A0-4D4C-9AA6-2FE8DF8B09FF}.Release|Any CPU.Deploy.0 = Release|Any CPU
		{1FF4B5BE-77A0-4D4C-9AA6-2FE8DF8B09FF}.Release|ARM.ActiveCfg = Release|Any CPU
		{1FF4B5BE-77A0-4D4C-9AA6-2FE8DF8B09FF}.Release|ARM.Build.0 = Release|Any CPU
		{1FF4B5BE-77A0-4D4C-9AA6-2FE8DF8B09FF}.Release|ARM.Deploy.0 = Release|Any CPU
		{1FF4B5BE-77A0-4D4C-9AA6-2FE8DF8B09FF}.Release|iPhone.ActiveCfg = Release|Any CPU
		{1FF4B5BE-77A0-4D4C-9AA6-2FE8DF8B09FF}.Release|iPhone.Build.0 = Release|Any CPU
		{1FF4B5BE-77A0-4D4C-9AA6-2FE8DF8B09FF}.Release|iPhone.Deploy.0 = Release|Any CPU
		{1FF4B5BE-77A0-4D4C-9AA6-2FE8DF8B09FF}.Release|iPhoneSimulator.ActiveCfg = Release|Any CPU
		{1FF4B5BE-77A0-4D4C-9AA6-2FE8DF8B09FF}.Release|iPhoneSimulator.Build.0 = Release|Any CPU
		{1FF4B5BE-77A0-4D4C-9AA6-2FE8DF8B09FF}.Release|iPhoneSimulator.Deploy.0 = Release|Any CPU
		{1FF4B5BE-77A0-4D4C-9AA6-2FE8DF8B09FF}.Release|x64.ActiveCfg = Release|Any CPU
		{1FF4B5BE-77A0-4D4C-9AA6-2FE8DF8B09FF}.Release|x64.Build.0 = Release|Any CPU
		{1FF4B5BE-77A0-4D4C-9AA6-2FE8DF8B09FF}.Release|x64.Deploy.0 = Release|Any CPU
		{1FF4B5BE-77A0-4D4C-9AA6-2FE8DF8B09FF}.Release|x86.ActiveCfg = Release|Any CPU
		{1FF4B5BE-77A0-4D4C-9AA6-2FE8DF8B09FF}.Release|x86.Build.0 = Release|Any CPU
		{1FF4B5BE-77A0-4D4C-9AA6-2FE8DF8B09FF}.Release|x86.Deploy.0 = Release|Any CPU
		{F2A676BC-133D-4729-9C8B-94772A2B9B15}.Ad-Hoc|Any CPU.ActiveCfg = Ad-Hoc|iPhone
		{F2A676BC-133D-4729-9C8B-94772A2B9B15}.Ad-Hoc|Any CPU.Build.0 = Ad-Hoc|iPhone
		{F2A676BC-133D-4729-9C8B-94772A2B9B15}.Ad-Hoc|Any CPU.Deploy.0 = Ad-Hoc|iPhone
		{F2A676BC-133D-4729-9C8B-94772A2B9B15}.Ad-Hoc|ARM.ActiveCfg = Ad-Hoc|iPhone
		{F2A676BC-133D-4729-9C8B-94772A2B9B15}.Ad-Hoc|ARM.Build.0 = Ad-Hoc|iPhone
		{F2A676BC-133D-4729-9C8B-94772A2B9B15}.Ad-Hoc|ARM.Deploy.0 = Ad-Hoc|iPhone
		{F2A676BC-133D-4729-9C8B-94772A2B9B15}.Ad-Hoc|iPhone.ActiveCfg = Ad-Hoc|iPhone
		{F2A676BC-133D-4729-9C8B-94772A2B9B15}.Ad-Hoc|iPhone.Build.0 = Ad-Hoc|iPhone
		{F2A676BC-133D-4729-9C8B-94772A2B9B15}.Ad-Hoc|iPhone.Deploy.0 = Ad-Hoc|iPhone
		{F2A676BC-133D-4729-9C8B-94772A2B9B15}.Ad-Hoc|iPhoneSimulator.ActiveCfg = Ad-Hoc|iPhoneSimulator
		{F2A676BC-133D-4729-9C8B-94772A2B9B15}.Ad-Hoc|iPhoneSimulator.Build.0 = Ad-Hoc|iPhoneSimulator
		{F2A676BC-133D-4729-9C8B-94772A2B9B15}.Ad-Hoc|iPhoneSimulator.Deploy.0 = Ad-Hoc|iPhoneSimulator
		{F2A676BC-133D-4729-9C8B-94772A2B9B15}.Ad-Hoc|x64.ActiveCfg = Ad-Hoc|iPhone
		{F2A676BC-133D-4729-9C8B-94772A2B9B15}.Ad-Hoc|x64.Build.0 = Ad-Hoc|iPhone
		{F2A676BC-133D-4729-9C8B-94772A2B9B15}.Ad-Hoc|x64.Deploy.0 = Ad-Hoc|iPhone
		{F2A676BC-133D-4729-9C8B-94772A2B9B15}.Ad-Hoc|x86.ActiveCfg = Ad-Hoc|iPhone
		{F2A676BC-133D-4729-9C8B-94772A2B9B15}.Ad-Hoc|x86.Build.0 = Ad-Hoc|iPhone
		{F2A676BC-133D-4729-9C8B-94772A2B9B15}.Ad-Hoc|x86.Deploy.0 = Ad-Hoc|iPhone
		{F2A676BC-133D-4729-9C8B-94772A2B9B15}.AppStore|Any CPU.ActiveCfg = AppStore|iPhone
		{F2A676BC-133D-4729-9C8B-94772A2B9B15}.AppStore|Any CPU.Build.0 = AppStore|iPhone
		{F2A676BC-133D-4729-9C8B-94772A2B9B15}.AppStore|Any CPU.Deploy.0 = AppStore|iPhone
		{F2A676BC-133D-4729-9C8B-94772A2B9B15}.AppStore|ARM.ActiveCfg = AppStore|iPhone
		{F2A676BC-133D-4729-9C8B-94772A2B9B15}.AppStore|ARM.Build.0 = AppStore|iPhone
		{F2A676BC-133D-4729-9C8B-94772A2B9B15}.AppStore|ARM.Deploy.0 = AppStore|iPhone
		{F2A676BC-133D-4729-9C8B-94772A2B9B15}.AppStore|iPhone.ActiveCfg = AppStore|iPhone
		{F2A676BC-133D-4729-9C8B-94772A2B9B15}.AppStore|iPhone.Build.0 = AppStore|iPhone
		{F2A676BC-133D-4729-9C8B-94772A2B9B15}.AppStore|iPhone.Deploy.0 = AppStore|iPhone
		{F2A676BC-133D-4729-9C8B-94772A2B9B15}.AppStore|iPhoneSimulator.ActiveCfg = AppStore|iPhoneSimulator
		{F2A676BC-133D-4729-9C8B-94772A2B9B15}.AppStore|iPhoneSimulator.Build.0 = AppStore|iPhoneSimulator
		{F2A676BC-133D-4729-9C8B-94772A2B9B15}.AppStore|iPhoneSimulator.Deploy.0 = AppStore|iPhoneSimulator
		{F2A676BC-133D-4729-9C8B-94772A2B9B15}.AppStore|x64.ActiveCfg = AppStore|iPhone
		{F2A676BC-133D-4729-9C8B-94772A2B9B15}.AppStore|x64.Build.0 = AppStore|iPhone
		{F2A676BC-133D-4729-9C8B-94772A2B9B15}.AppStore|x64.Deploy.0 = AppStore|iPhone
		{F2A676BC-133D-4729-9C8B-94772A2B9B15}.AppStore|x86.ActiveCfg = AppStore|iPhone
		{F2A676BC-133D-4729-9C8B-94772A2B9B15}.AppStore|x86.Build.0 = AppStore|iPhone
		{F2A676BC-133D-4729-9C8B-94772A2B9B15}.AppStore|x86.Deploy.0 = AppStore|iPhone
		{F2A676BC-133D-4729-9C8B-94772A2B9B15}.Debug|Any CPU.ActiveCfg = Debug|iPhoneSimulator
		{F2A676BC-133D-4729-9C8B-94772A2B9B15}.Debug|Any CPU.Build.0 = Debug|iPhoneSimulator
		{F2A676BC-133D-4729-9C8B-94772A2B9B15}.Debug|Any CPU.Deploy.0 = Debug|iPhoneSimulator
		{F2A676BC-133D-4729-9C8B-94772A2B9B15}.Debug|ARM.ActiveCfg = Debug|iPhone
		{F2A676BC-133D-4729-9C8B-94772A2B9B15}.Debug|ARM.Build.0 = Debug|iPhone
		{F2A676BC-133D-4729-9C8B-94772A2B9B15}.Debug|ARM.Deploy.0 = Debug|iPhone
		{F2A676BC-133D-4729-9C8B-94772A2B9B15}.Debug|iPhone.ActiveCfg = Debug|iPhone
		{F2A676BC-133D-4729-9C8B-94772A2B9B15}.Debug|iPhone.Build.0 = Debug|iPhone
		{F2A676BC-133D-4729-9C8B-94772A2B9B15}.Debug|iPhone.Deploy.0 = Debug|iPhone
		{F2A676BC-133D-4729-9C8B-94772A2B9B15}.Debug|iPhoneSimulator.ActiveCfg = Debug|iPhoneSimulator
		{F2A676BC-133D-4729-9C8B-94772A2B9B15}.Debug|iPhoneSimulator.Build.0 = Debug|iPhoneSimulator
		{F2A676BC-133D-4729-9C8B-94772A2B9B15}.Debug|iPhoneSimulator.Deploy.0 = Debug|iPhoneSimulator
		{F2A676BC-133D-4729-9C8B-94772A2B9B15}.Debug|x64.ActiveCfg = Debug|iPhone
		{F2A676BC-133D-4729-9C8B-94772A2B9B15}.Debug|x64.Build.0 = Debug|iPhone
		{F2A676BC-133D-4729-9C8B-94772A2B9B15}.Debug|x64.Deploy.0 = Debug|iPhone
		{F2A676BC-133D-4729-9C8B-94772A2B9B15}.Debug|x86.ActiveCfg = Debug|iPhone
		{F2A676BC-133D-4729-9C8B-94772A2B9B15}.Debug|x86.Build.0 = Debug|iPhone
		{F2A676BC-133D-4729-9C8B-94772A2B9B15}.Debug|x86.Deploy.0 = Debug|iPhone
		{F2A676BC-133D-4729-9C8B-94772A2B9B15}.Release|Any CPU.ActiveCfg = Release|iPhone
		{F2A676BC-133D-4729-9C8B-94772A2B9B15}.Release|Any CPU.Build.0 = Release|iPhone
		{F2A676BC-133D-4729-9C8B-94772A2B9B15}.Release|Any CPU.Deploy.0 = Release|iPhone
		{F2A676BC-133D-4729-9C8B-94772A2B9B15}.Release|ARM.ActiveCfg = Release|iPhone
		{F2A676BC-133D-4729-9C8B-94772A2B9B15}.Release|ARM.Build.0 = Release|iPhone
		{F2A676BC-133D-4729-9C8B-94772A2B9B15}.Release|ARM.Deploy.0 = Release|iPhone
		{F2A676BC-133D-4729-9C8B-94772A2B9B15}.Release|iPhone.ActiveCfg = Release|iPhone
		{F2A676BC-133D-4729-9C8B-94772A2B9B15}.Release|iPhone.Build.0 = Release|iPhone
		{F2A676BC-133D-4729-9C8B-94772A2B9B15}.Release|iPhone.Deploy.0 = Release|iPhone
		{F2A676BC-133D-4729-9C8B-94772A2B9B15}.Release|iPhoneSimulator.ActiveCfg = Release|iPhoneSimulator
		{F2A676BC-133D-4729-9C8B-94772A2B9B15}.Release|iPhoneSimulator.Build.0 = Release|iPhoneSimulator
		{F2A676BC-133D-4729-9C8B-94772A2B9B15}.Release|iPhoneSimulator.Deploy.0 = Release|iPhoneSimulator
		{F2A676BC-133D-4729-9C8B-94772A2B9B15}.Release|x64.ActiveCfg = Release|iPhone
		{F2A676BC-133D-4729-9C8B-94772A2B9B15}.Release|x64.Build.0 = Release|iPhone
		{F2A676BC-133D-4729-9C8B-94772A2B9B15}.Release|x64.Deploy.0 = Release|iPhone
		{F2A676BC-133D-4729-9C8B-94772A2B9B15}.Release|x86.ActiveCfg = Release|iPhone
		{F2A676BC-133D-4729-9C8B-94772A2B9B15}.Release|x86.Build.0 = Release|iPhone
		{F2A676BC-133D-4729-9C8B-94772A2B9B15}.Release|x86.Deploy.0 = Release|iPhone
		{E1726EEE-6D6B-4CB7-A7C6-3484E1D2662A}.Ad-Hoc|Any CPU.ActiveCfg = Debug|Any CPU
		{E1726EEE-6D6B-4CB7-A7C6-3484E1D2662A}.Ad-Hoc|Any CPU.Build.0 = Debug|Any CPU
		{E1726EEE-6D6B-4CB7-A7C6-3484E1D2662A}.Ad-Hoc|Any CPU.Deploy.0 = Debug|Any CPU
		{E1726EEE-6D6B-4CB7-A7C6-3484E1D2662A}.Ad-Hoc|ARM.ActiveCfg = Debug|Any CPU
		{E1726EEE-6D6B-4CB7-A7C6-3484E1D2662A}.Ad-Hoc|ARM.Build.0 = Debug|Any CPU
		{E1726EEE-6D6B-4CB7-A7C6-3484E1D2662A}.Ad-Hoc|ARM.Deploy.0 = Debug|Any CPU
		{E1726EEE-6D6B-4CB7-A7C6-3484E1D2662A}.Ad-Hoc|iPhone.ActiveCfg = Debug|Any CPU
		{E1726EEE-6D6B-4CB7-A7C6-3484E1D2662A}.Ad-Hoc|iPhone.Build.0 = Debug|Any CPU
		{E1726EEE-6D6B-4CB7-A7C6-3484E1D2662A}.Ad-Hoc|iPhone.Deploy.0 = Debug|Any CPU
		{E1726EEE-6D6B-4CB7-A7C6-3484E1D2662A}.Ad-Hoc|iPhoneSimulator.ActiveCfg = Debug|Any CPU
		{E1726EEE-6D6B-4CB7-A7C6-3484E1D2662A}.Ad-Hoc|iPhoneSimulator.Build.0 = Debug|Any CPU
		{E1726EEE-6D6B-4CB7-A7C6-3484E1D2662A}.Ad-Hoc|iPhoneSimulator.Deploy.0 = Debug|Any CPU
		{E1726EEE-6D6B-4CB7-A7C6-3484E1D2662A}.Ad-Hoc|x64.ActiveCfg = Debug|Any CPU
		{E1726EEE-6D6B-4CB7-A7C6-3484E1D2662A}.Ad-Hoc|x64.Build.0 = Debug|Any CPU
		{E1726EEE-6D6B-4CB7-A7C6-3484E1D2662A}.Ad-Hoc|x64.Deploy.0 = Debug|Any CPU
		{E1726EEE-6D6B-4CB7-A7C6-3484E1D2662A}.Ad-Hoc|x86.ActiveCfg = Debug|Any CPU
		{E1726EEE-6D6B-4CB7-A7C6-3484E1D2662A}.Ad-Hoc|x86.Build.0 = Debug|Any CPU
		{E1726EEE-6D6B-4CB7-A7C6-3484E1D2662A}.Ad-Hoc|x86.Deploy.0 = Debug|Any CPU
		{E1726EEE-6D6B-4CB7-A7C6-3484E1D2662A}.AppStore|Any CPU.ActiveCfg = Debug|Any CPU
		{E1726EEE-6D6B-4CB7-A7C6-3484E1D2662A}.AppStore|Any CPU.Build.0 = Debug|Any CPU
		{E1726EEE-6D6B-4CB7-A7C6-3484E1D2662A}.AppStore|Any CPU.Deploy.0 = Debug|Any CPU
		{E1726EEE-6D6B-4CB7-A7C6-3484E1D2662A}.AppStore|ARM.ActiveCfg = Debug|Any CPU
		{E1726EEE-6D6B-4CB7-A7C6-3484E1D2662A}.AppStore|ARM.Build.0 = Debug|Any CPU
		{E1726EEE-6D6B-4CB7-A7C6-3484E1D2662A}.AppStore|ARM.Deploy.0 = Debug|Any CPU
		{E1726EEE-6D6B-4CB7-A7C6-3484E1D2662A}.AppStore|iPhone.ActiveCfg = Debug|Any CPU
		{E1726EEE-6D6B-4CB7-A7C6-3484E1D2662A}.AppStore|iPhone.Build.0 = Debug|Any CPU
		{E1726EEE-6D6B-4CB7-A7C6-3484E1D2662A}.AppStore|iPhone.Deploy.0 = Debug|Any CPU
		{E1726EEE-6D6B-4CB7-A7C6-3484E1D2662A}.AppStore|iPhoneSimulator.ActiveCfg = Debug|Any CPU
		{E1726EEE-6D6B-4CB7-A7C6-3484E1D2662A}.AppStore|iPhoneSimulator.Build.0 = Debug|Any CPU
		{E1726EEE-6D6B-4CB7-A7C6-3484E1D2662A}.AppStore|iPhoneSimulator.Deploy.0 = Debug|Any CPU
		{E1726EEE-6D6B-4CB7-A7C6-3484E1D2662A}.AppStore|x64.ActiveCfg = Debug|Any CPU
		{E1726EEE-6D6B-4CB7-A7C6-3484E1D2662A}.AppStore|x64.Build.0 = Debug|Any CPU
		{E1726EEE-6D6B-4CB7-A7C6-3484E1D2662A}.AppStore|x64.Deploy.0 = Debug|Any CPU
		{E1726EEE-6D6B-4CB7-A7C6-3484E1D2662A}.AppStore|x86.ActiveCfg = Debug|Any CPU
		{E1726EEE-6D6B-4CB7-A7C6-3484E1D2662A}.AppStore|x86.Build.0 = Debug|Any CPU
		{E1726EEE-6D6B-4CB7-A7C6-3484E1D2662A}.AppStore|x86.Deploy.0 = Debug|Any CPU
		{E1726EEE-6D6B-4CB7-A7C6-3484E1D2662A}.Debug|Any CPU.ActiveCfg = Debug|Any CPU
		{E1726EEE-6D6B-4CB7-A7C6-3484E1D2662A}.Debug|Any CPU.Build.0 = Debug|Any CPU
		{E1726EEE-6D6B-4CB7-A7C6-3484E1D2662A}.Debug|Any CPU.Deploy.0 = Debug|Any CPU
		{E1726EEE-6D6B-4CB7-A7C6-3484E1D2662A}.Debug|ARM.ActiveCfg = Debug|Any CPU
		{E1726EEE-6D6B-4CB7-A7C6-3484E1D2662A}.Debug|ARM.Build.0 = Debug|Any CPU
		{E1726EEE-6D6B-4CB7-A7C6-3484E1D2662A}.Debug|ARM.Deploy.0 = Debug|Any CPU
		{E1726EEE-6D6B-4CB7-A7C6-3484E1D2662A}.Debug|iPhone.ActiveCfg = Debug|Any CPU
		{E1726EEE-6D6B-4CB7-A7C6-3484E1D2662A}.Debug|iPhone.Build.0 = Debug|Any CPU
		{E1726EEE-6D6B-4CB7-A7C6-3484E1D2662A}.Debug|iPhone.Deploy.0 = Debug|Any CPU
		{E1726EEE-6D6B-4CB7-A7C6-3484E1D2662A}.Debug|iPhoneSimulator.ActiveCfg = Debug|Any CPU
		{E1726EEE-6D6B-4CB7-A7C6-3484E1D2662A}.Debug|iPhoneSimulator.Build.0 = Debug|Any CPU
		{E1726EEE-6D6B-4CB7-A7C6-3484E1D2662A}.Debug|iPhoneSimulator.Deploy.0 = Debug|Any CPU
		{E1726EEE-6D6B-4CB7-A7C6-3484E1D2662A}.Debug|x64.ActiveCfg = Debug|Any CPU
		{E1726EEE-6D6B-4CB7-A7C6-3484E1D2662A}.Debug|x64.Build.0 = Debug|Any CPU
		{E1726EEE-6D6B-4CB7-A7C6-3484E1D2662A}.Debug|x64.Deploy.0 = Debug|Any CPU
		{E1726EEE-6D6B-4CB7-A7C6-3484E1D2662A}.Debug|x86.ActiveCfg = Debug|Any CPU
		{E1726EEE-6D6B-4CB7-A7C6-3484E1D2662A}.Debug|x86.Build.0 = Debug|Any CPU
		{E1726EEE-6D6B-4CB7-A7C6-3484E1D2662A}.Debug|x86.Deploy.0 = Debug|Any CPU
		{E1726EEE-6D6B-4CB7-A7C6-3484E1D2662A}.Release|Any CPU.ActiveCfg = Release|Any CPU
		{E1726EEE-6D6B-4CB7-A7C6-3484E1D2662A}.Release|Any CPU.Build.0 = Release|Any CPU
		{E1726EEE-6D6B-4CB7-A7C6-3484E1D2662A}.Release|Any CPU.Deploy.0 = Release|Any CPU
		{E1726EEE-6D6B-4CB7-A7C6-3484E1D2662A}.Release|ARM.ActiveCfg = Release|Any CPU
		{E1726EEE-6D6B-4CB7-A7C6-3484E1D2662A}.Release|ARM.Build.0 = Release|Any CPU
		{E1726EEE-6D6B-4CB7-A7C6-3484E1D2662A}.Release|ARM.Deploy.0 = Release|Any CPU
		{E1726EEE-6D6B-4CB7-A7C6-3484E1D2662A}.Release|iPhone.ActiveCfg = Release|Any CPU
		{E1726EEE-6D6B-4CB7-A7C6-3484E1D2662A}.Release|iPhone.Build.0 = Release|Any CPU
		{E1726EEE-6D6B-4CB7-A7C6-3484E1D2662A}.Release|iPhone.Deploy.0 = Release|Any CPU
		{E1726EEE-6D6B-4CB7-A7C6-3484E1D2662A}.Release|iPhoneSimulator.ActiveCfg = Release|Any CPU
		{E1726EEE-6D6B-4CB7-A7C6-3484E1D2662A}.Release|iPhoneSimulator.Build.0 = Release|Any CPU
		{E1726EEE-6D6B-4CB7-A7C6-3484E1D2662A}.Release|iPhoneSimulator.Deploy.0 = Release|Any CPU
		{E1726EEE-6D6B-4CB7-A7C6-3484E1D2662A}.Release|x64.ActiveCfg = Release|Any CPU
		{E1726EEE-6D6B-4CB7-A7C6-3484E1D2662A}.Release|x64.Build.0 = Release|Any CPU
		{E1726EEE-6D6B-4CB7-A7C6-3484E1D2662A}.Release|x64.Deploy.0 = Release|Any CPU
		{E1726EEE-6D6B-4CB7-A7C6-3484E1D2662A}.Release|x86.ActiveCfg = Release|Any CPU
		{E1726EEE-6D6B-4CB7-A7C6-3484E1D2662A}.Release|x86.Build.0 = Release|Any CPU
		{E1726EEE-6D6B-4CB7-A7C6-3484E1D2662A}.Release|x86.Deploy.0 = Release|Any CPU
	EndGlobalSection
	GlobalSection(SolutionProperties) = preSolution
		HideSolutionNode = FALSE
	EndGlobalSection
	GlobalSection(ExtensibilityGlobals) = postSolution
		SolutionGuid = {7D98C9E2-8C1A-44DE-BB81-B2806387164D}
	EndGlobalSection
EndGlobal
